
Microsoft Visual Studio Solution File, Format Version 12.00
# Visual Studio Version 17
VisualStudioVersion = 17.9.34728.123
MinimumVisualStudioVersion = 10.0.40219.1
Project("{9A19103F-16F7-4668-BE54-9A1E7A4F7556}") = "ESignatureService", "ESignatureService.csproj", "{E0CB86AA-F3E5-409C-B69D-5F6516AB0677}"
EndProject
Global
	GlobalSection(SolutionConfigurationPlatforms) = preSolution
		Debug|Any CPU = Debug|Any CPU
		Release|Any CPU = Release|Any CPU
	EndGlobalSection
	GlobalSection(ProjectConfigurationPlatforms) = postSolution
		{E0CB86AA-F3E5-409C-B69D-5F6516AB0677}.Debug|Any CPU.ActiveCfg = Debug|Any CPU
		{E0CB86AA-F3E5-409C-B69D-5F6516AB0677}.Debug|Any CPU.Build.0 = Debug|Any CPU
		{E0CB86AA-F3E5-409C-B69D-5F6516AB0677}.Release|Any CPU.ActiveCfg = Release|Any CPU
		{E0CB86AA-F3E5-409C-B69D-5F6516AB0677}.Release|Any CPU.Build.0 = Release|Any CPU
	EndGlobalSection
	GlobalSection(SolutionProperties) = preSolution
		HideSolutionNode = FALSE
	EndGlobalSection
	GlobalSection(ExtensibilityGlobals) = postSolution
		SolutionGuid = {11F6DD63-4BE5-4EF0-BA8F-B005CEB987EE}
	EndGlobalSection
EndGlobal
